// !$*UTF8*$!
{
	archiveVersion = 1;
	classes = {
	};
	objectVersion = 56;
	objects = {

/* Begin PBXBuildFile section */
		0A02485B436967C89D24AB92 /* Pods_WEATHERinka.framework in Frameworks */ = {isa = PBXBuildFile; fileRef = FBA86E1375B4F7B05B77B1E4 /* Pods_WEATHERinka.framework */; };
		8A9EAF4174B8F5E8F35452CA /* Pods_WEATHERinkaTests.framework in Frameworks */ = {isa = PBXBuildFile; fileRef = 3E0916CBE1EBDD7BA3A9FDBA /* Pods_WEATHERinkaTests.framework */; };
		B68A67AB2B55371D0087A74D /* AppDelegate.swift in Sources */ = {isa = PBXBuildFile; fileRef = B68A67AA2B55371D0087A74D /* AppDelegate.swift */; };
		B68A67AD2B55371D0087A74D /* SceneDelegate.swift in Sources */ = {isa = PBXBuildFile; fileRef = B68A67AC2B55371D0087A74D /* SceneDelegate.swift */; };
		B68A67B52B55371D0087A74D /* WEATHERinka.xcdatamodeld in Sources */ = {isa = PBXBuildFile; fileRef = B68A67B32B55371D0087A74D /* WEATHERinka.xcdatamodeld */; };
		B68A67B72B55371F0087A74D /* Assets.xcassets in Resources */ = {isa = PBXBuildFile; fileRef = B68A67B62B55371F0087A74D /* Assets.xcassets */; };
		B68A67BA2B55371F0087A74D /* LaunchScreen.storyboard in Resources */ = {isa = PBXBuildFile; fileRef = B68A67B82B55371F0087A74D /* LaunchScreen.storyboard */; };
		B68A67C52B55371F0087A74D /* WEATHERinkaTests.swift in Sources */ = {isa = PBXBuildFile; fileRef = B68A67C42B55371F0087A74D /* WEATHERinkaTests.swift */; };
		B68A67CF2B55371F0087A74D /* WEATHERinkaUITests.swift in Sources */ = {isa = PBXBuildFile; fileRef = B68A67CE2B55371F0087A74D /* WEATHERinkaUITests.swift */; };
		B68A67D12B55371F0087A74D /* WEATHERinkaUITestsLaunchTests.swift in Sources */ = {isa = PBXBuildFile; fileRef = B68A67D02B55371F0087A74D /* WEATHERinkaUITestsLaunchTests.swift */; };
		B68A67E12B55449B0087A74D /* Coordinator.swift in Sources */ = {isa = PBXBuildFile; fileRef = B68A67E02B55449B0087A74D /* Coordinator.swift */; };
		B68A67E42B5544E50087A74D /* AppCoordinator.swift in Sources */ = {isa = PBXBuildFile; fileRef = B68A67E32B5544E50087A74D /* AppCoordinator.swift */; };
		B68A67E62B55452A0087A74D /* WeatherCoordinator.swift in Sources */ = {isa = PBXBuildFile; fileRef = B68A67E52B55452A0087A74D /* WeatherCoordinator.swift */; };
		B68A67E82B55455E0087A74D /* CitiesCoordinator.swift in Sources */ = {isa = PBXBuildFile; fileRef = B68A67E72B55455E0087A74D /* CitiesCoordinator.swift */; };
		B68A67EC2B55469C0087A74D /* CitiesViewModel.swift in Sources */ = {isa = PBXBuildFile; fileRef = B68A67EB2B55469C0087A74D /* CitiesViewModel.swift */; };
		B68A67EE2B5547120087A74D /* CitiesViewController.swift in Sources */ = {isa = PBXBuildFile; fileRef = B68A67ED2B5547120087A74D /* CitiesViewController.swift */; };
		B68A67F22B5548C70087A74D /* WeatherViewModel.swift in Sources */ = {isa = PBXBuildFile; fileRef = B68A67F12B5548C70087A74D /* WeatherViewModel.swift */; };
		B68A67F42B5548D30087A74D /* WeatherViewController.swift in Sources */ = {isa = PBXBuildFile; fileRef = B68A67F32B5548D30087A74D /* WeatherViewController.swift */; };
		B68A67F92B567A2C0087A74D /* NetworkManager.swift in Sources */ = {isa = PBXBuildFile; fileRef = B68A67F82B567A2C0087A74D /* NetworkManager.swift */; };
		B68A67FC2B568BE40087A74D /* Constants.swift in Sources */ = {isa = PBXBuildFile; fileRef = B68A67FB2B568BE40087A74D /* Constants.swift */; };
		B68A67FE2B568BFB0087A74D /* NetworkRouter.swift in Sources */ = {isa = PBXBuildFile; fileRef = B68A67FD2B568BFB0087A74D /* NetworkRouter.swift */; };
		B68A68012B568F790087A74D /* MapsAccessToken.swift in Sources */ = {isa = PBXBuildFile; fileRef = B68A68002B568F790087A74D /* MapsAccessToken.swift */; };
		B68A68072B5697E40087A74D /* LocationManager.swift in Sources */ = {isa = PBXBuildFile; fileRef = B68A68062B5697E40087A74D /* LocationManager.swift */; };
		B68A68092B56F2830087A74D /* SearchResultsViewController.swift in Sources */ = {isa = PBXBuildFile; fileRef = B68A68082B56F2830087A74D /* SearchResultsViewController.swift */; };
		B68A680C2B56F5E90087A74D /* CityItem.swift in Sources */ = {isa = PBXBuildFile; fileRef = B68A680B2B56F5E90087A74D /* CityItem.swift */; };
		B6E506FC2B5D58ED0051CE70 /* Cities.swift in Sources */ = {isa = PBXBuildFile; fileRef = B6E506FB2B5D58ED0051CE70 /* Cities.swift */; };
		B6E506FE2B5D58F40051CE70 /* City.swift in Sources */ = {isa = PBXBuildFile; fileRef = B6E506FD2B5D58F40051CE70 /* City.swift */; };
		C01E4F86FF7428FFDFC5235C /* Pods_WEATHERinka_WEATHERinkaUITests.framework in Frameworks */ = {isa = PBXBuildFile; fileRef = 10BE46A06B3F2D688D29AD00 /* Pods_WEATHERinka_WEATHERinkaUITests.framework */; };
/* End PBXBuildFile section */

/* Begin PBXContainerItemProxy section */
		B68A67C12B55371F0087A74D /* PBXContainerItemProxy */ = {
			isa = PBXContainerItemProxy;
			containerPortal = B68A679F2B55371D0087A74D /* Project object */;
			proxyType = 1;
			remoteGlobalIDString = B68A67A62B55371D0087A74D;
			remoteInfo = WEATHERinka;
		};
		B68A67CB2B55371F0087A74D /* PBXContainerItemProxy */ = {
			isa = PBXContainerItemProxy;
			containerPortal = B68A679F2B55371D0087A74D /* Project object */;
			proxyType = 1;
			remoteGlobalIDString = B68A67A62B55371D0087A74D;
			remoteInfo = WEATHERinka;
		};
/* End PBXContainerItemProxy section */

/* Begin PBXFileReference section */
		0C4C3E274458B85772B824CD /* Pods-WEATHERinkaTests.debug.xcconfig */ = {isa = PBXFileReference; includeInIndex = 1; lastKnownFileType = text.xcconfig; name = "Pods-WEATHERinkaTests.debug.xcconfig"; path = "Target Support Files/Pods-WEATHERinkaTests/Pods-WEATHERinkaTests.debug.xcconfig"; sourceTree = "<group>"; };
		0E5C5EA7D85B6CE517D2F042 /* Pods-WEATHERinka-WEATHERinkaUITests.release.xcconfig */ = {isa = PBXFileReference; includeInIndex = 1; lastKnownFileType = text.xcconfig; name = "Pods-WEATHERinka-WEATHERinkaUITests.release.xcconfig"; path = "Target Support Files/Pods-WEATHERinka-WEATHERinkaUITests/Pods-WEATHERinka-WEATHERinkaUITests.release.xcconfig"; sourceTree = "<group>"; };
		10BE46A06B3F2D688D29AD00 /* Pods_WEATHERinka_WEATHERinkaUITests.framework */ = {isa = PBXFileReference; explicitFileType = wrapper.framework; includeInIndex = 0; path = Pods_WEATHERinka_WEATHERinkaUITests.framework; sourceTree = BUILT_PRODUCTS_DIR; };
		3E0916CBE1EBDD7BA3A9FDBA /* Pods_WEATHERinkaTests.framework */ = {isa = PBXFileReference; explicitFileType = wrapper.framework; includeInIndex = 0; path = Pods_WEATHERinkaTests.framework; sourceTree = BUILT_PRODUCTS_DIR; };
		7974227B610C3A5171996C92 /* Pods-WEATHERinka-WEATHERinkaUITests.debug.xcconfig */ = {isa = PBXFileReference; includeInIndex = 1; lastKnownFileType = text.xcconfig; name = "Pods-WEATHERinka-WEATHERinkaUITests.debug.xcconfig"; path = "Target Support Files/Pods-WEATHERinka-WEATHERinkaUITests/Pods-WEATHERinka-WEATHERinkaUITests.debug.xcconfig"; sourceTree = "<group>"; };
		9A6C4A4D860A03D4A0E7D1C2 /* Pods-WEATHERinka.debug.xcconfig */ = {isa = PBXFileReference; includeInIndex = 1; lastKnownFileType = text.xcconfig; name = "Pods-WEATHERinka.debug.xcconfig"; path = "Target Support Files/Pods-WEATHERinka/Pods-WEATHERinka.debug.xcconfig"; sourceTree = "<group>"; };
		B68A67A72B55371D0087A74D /* WEATHERinka.app */ = {isa = PBXFileReference; explicitFileType = wrapper.application; includeInIndex = 0; path = WEATHERinka.app; sourceTree = BUILT_PRODUCTS_DIR; };
		B68A67AA2B55371D0087A74D /* AppDelegate.swift */ = {isa = PBXFileReference; lastKnownFileType = sourcecode.swift; path = AppDelegate.swift; sourceTree = "<group>"; };
		B68A67AC2B55371D0087A74D /* SceneDelegate.swift */ = {isa = PBXFileReference; lastKnownFileType = sourcecode.swift; path = SceneDelegate.swift; sourceTree = "<group>"; };
		B68A67B42B55371D0087A74D /* WEATHERinka.xcdatamodel */ = {isa = PBXFileReference; lastKnownFileType = wrapper.xcdatamodel; path = WEATHERinka.xcdatamodel; sourceTree = "<group>"; };
		B68A67B62B55371F0087A74D /* Assets.xcassets */ = {isa = PBXFileReference; lastKnownFileType = folder.assetcatalog; path = Assets.xcassets; sourceTree = "<group>"; };
		B68A67B92B55371F0087A74D /* Base */ = {isa = PBXFileReference; lastKnownFileType = file.storyboard; name = Base; path = Base.lproj/LaunchScreen.storyboard; sourceTree = "<group>"; };
		B68A67BB2B55371F0087A74D /* Info.plist */ = {isa = PBXFileReference; lastKnownFileType = text.plist.xml; path = Info.plist; sourceTree = "<group>"; };
		B68A67C02B55371F0087A74D /* WEATHERinkaTests.xctest */ = {isa = PBXFileReference; explicitFileType = wrapper.cfbundle; includeInIndex = 0; path = WEATHERinkaTests.xctest; sourceTree = BUILT_PRODUCTS_DIR; };
		B68A67C42B55371F0087A74D /* WEATHERinkaTests.swift */ = {isa = PBXFileReference; lastKnownFileType = sourcecode.swift; path = WEATHERinkaTests.swift; sourceTree = "<group>"; };
		B68A67CA2B55371F0087A74D /* WEATHERinkaUITests.xctest */ = {isa = PBXFileReference; explicitFileType = wrapper.cfbundle; includeInIndex = 0; path = WEATHERinkaUITests.xctest; sourceTree = BUILT_PRODUCTS_DIR; };
		B68A67CE2B55371F0087A74D /* WEATHERinkaUITests.swift */ = {isa = PBXFileReference; lastKnownFileType = sourcecode.swift; path = WEATHERinkaUITests.swift; sourceTree = "<group>"; };
		B68A67D02B55371F0087A74D /* WEATHERinkaUITestsLaunchTests.swift */ = {isa = PBXFileReference; lastKnownFileType = sourcecode.swift; path = WEATHERinkaUITestsLaunchTests.swift; sourceTree = "<group>"; };
		B68A67E02B55449B0087A74D /* Coordinator.swift */ = {isa = PBXFileReference; lastKnownFileType = sourcecode.swift; path = Coordinator.swift; sourceTree = "<group>"; };
		B68A67E32B5544E50087A74D /* AppCoordinator.swift */ = {isa = PBXFileReference; lastKnownFileType = sourcecode.swift; path = AppCoordinator.swift; sourceTree = "<group>"; };
		B68A67E52B55452A0087A74D /* WeatherCoordinator.swift */ = {isa = PBXFileReference; lastKnownFileType = sourcecode.swift; path = WeatherCoordinator.swift; sourceTree = "<group>"; };
		B68A67E72B55455E0087A74D /* CitiesCoordinator.swift */ = {isa = PBXFileReference; lastKnownFileType = sourcecode.swift; path = CitiesCoordinator.swift; sourceTree = "<group>"; };
		B68A67EB2B55469C0087A74D /* CitiesViewModel.swift */ = {isa = PBXFileReference; lastKnownFileType = sourcecode.swift; path = CitiesViewModel.swift; sourceTree = "<group>"; };
		B68A67ED2B5547120087A74D /* CitiesViewController.swift */ = {isa = PBXFileReference; lastKnownFileType = sourcecode.swift; path = CitiesViewController.swift; sourceTree = "<group>"; };
		B68A67F12B5548C70087A74D /* WeatherViewModel.swift */ = {isa = PBXFileReference; lastKnownFileType = sourcecode.swift; path = WeatherViewModel.swift; sourceTree = "<group>"; };
		B68A67F32B5548D30087A74D /* WeatherViewController.swift */ = {isa = PBXFileReference; lastKnownFileType = sourcecode.swift; path = WeatherViewController.swift; sourceTree = "<group>"; };
		B68A67F82B567A2C0087A74D /* NetworkManager.swift */ = {isa = PBXFileReference; lastKnownFileType = sourcecode.swift; path = NetworkManager.swift; sourceTree = "<group>"; };
		B68A67FB2B568BE40087A74D /* Constants.swift */ = {isa = PBXFileReference; lastKnownFileType = sourcecode.swift; path = Constants.swift; sourceTree = "<group>"; };
		B68A67FD2B568BFB0087A74D /* NetworkRouter.swift */ = {isa = PBXFileReference; lastKnownFileType = sourcecode.swift; path = NetworkRouter.swift; sourceTree = "<group>"; };
		B68A68002B568F790087A74D /* MapsAccessToken.swift */ = {isa = PBXFileReference; lastKnownFileType = sourcecode.swift; path = MapsAccessToken.swift; sourceTree = "<group>"; };
		B68A68062B5697E40087A74D /* LocationManager.swift */ = {isa = PBXFileReference; lastKnownFileType = sourcecode.swift; path = LocationManager.swift; sourceTree = "<group>"; };
		B68A68082B56F2830087A74D /* SearchResultsViewController.swift */ = {isa = PBXFileReference; lastKnownFileType = sourcecode.swift; path = SearchResultsViewController.swift; sourceTree = "<group>"; };
		B68A680B2B56F5E90087A74D /* CityItem.swift */ = {isa = PBXFileReference; lastKnownFileType = sourcecode.swift; path = CityItem.swift; sourceTree = "<group>"; };
		B6E506FB2B5D58ED0051CE70 /* Cities.swift */ = {isa = PBXFileReference; lastKnownFileType = sourcecode.swift; path = Cities.swift; sourceTree = "<group>"; };
		B6E506FD2B5D58F40051CE70 /* City.swift */ = {isa = PBXFileReference; lastKnownFileType = sourcecode.swift; path = City.swift; sourceTree = "<group>"; };
		BA48C29E51947264EC2197DB /* Pods-WEATHERinkaTests.release.xcconfig */ = {isa = PBXFileReference; includeInIndex = 1; lastKnownFileType = text.xcconfig; name = "Pods-WEATHERinkaTests.release.xcconfig"; path = "Target Support Files/Pods-WEATHERinkaTests/Pods-WEATHERinkaTests.release.xcconfig"; sourceTree = "<group>"; };
		C71ADADB1A220A21633F60BA /* Pods-WEATHERinka.release.xcconfig */ = {isa = PBXFileReference; includeInIndex = 1; lastKnownFileType = text.xcconfig; name = "Pods-WEATHERinka.release.xcconfig"; path = "Target Support Files/Pods-WEATHERinka/Pods-WEATHERinka.release.xcconfig"; sourceTree = "<group>"; };
		FBA86E1375B4F7B05B77B1E4 /* Pods_WEATHERinka.framework */ = {isa = PBXFileReference; explicitFileType = wrapper.framework; includeInIndex = 0; path = Pods_WEATHERinka.framework; sourceTree = BUILT_PRODUCTS_DIR; };
/* End PBXFileReference section */

/* Begin PBXFrameworksBuildPhase section */
		B68A67A42B55371D0087A74D /* Frameworks */ = {
			isa = PBXFrameworksBuildPhase;
			buildActionMask = 2147483647;
			files = (
				0A02485B436967C89D24AB92 /* Pods_WEATHERinka.framework in Frameworks */,
			);
			runOnlyForDeploymentPostprocessing = 0;
		};
		B68A67BD2B55371F0087A74D /* Frameworks */ = {
			isa = PBXFrameworksBuildPhase;
			buildActionMask = 2147483647;
			files = (
				8A9EAF4174B8F5E8F35452CA /* Pods_WEATHERinkaTests.framework in Frameworks */,
			);
			runOnlyForDeploymentPostprocessing = 0;
		};
		B68A67C72B55371F0087A74D /* Frameworks */ = {
			isa = PBXFrameworksBuildPhase;
			buildActionMask = 2147483647;
			files = (
				C01E4F86FF7428FFDFC5235C /* Pods_WEATHERinka_WEATHERinkaUITests.framework in Frameworks */,
			);
			runOnlyForDeploymentPostprocessing = 0;
		};
/* End PBXFrameworksBuildPhase section */

/* Begin PBXGroup section */
		059E4AA48814EFB975F75932 /* Frameworks */ = {
			isa = PBXGroup;
			children = (
				FBA86E1375B4F7B05B77B1E4 /* Pods_WEATHERinka.framework */,
				10BE46A06B3F2D688D29AD00 /* Pods_WEATHERinka_WEATHERinkaUITests.framework */,
				3E0916CBE1EBDD7BA3A9FDBA /* Pods_WEATHERinkaTests.framework */,
			);
			name = Frameworks;
			sourceTree = "<group>";
		};
		4FF0F6B00ED2B3D68EB4A608 /* Pods */ = {
			isa = PBXGroup;
			children = (
				9A6C4A4D860A03D4A0E7D1C2 /* Pods-WEATHERinka.debug.xcconfig */,
				C71ADADB1A220A21633F60BA /* Pods-WEATHERinka.release.xcconfig */,
				7974227B610C3A5171996C92 /* Pods-WEATHERinka-WEATHERinkaUITests.debug.xcconfig */,
				0E5C5EA7D85B6CE517D2F042 /* Pods-WEATHERinka-WEATHERinkaUITests.release.xcconfig */,
				0C4C3E274458B85772B824CD /* Pods-WEATHERinkaTests.debug.xcconfig */,
				BA48C29E51947264EC2197DB /* Pods-WEATHERinkaTests.release.xcconfig */,
			);
			path = Pods;
			sourceTree = "<group>";
		};
		B68A679E2B55371D0087A74D = {
			isa = PBXGroup;
			children = (
				B68A67A92B55371D0087A74D /* WEATHERinka */,
				B68A67C32B55371F0087A74D /* WEATHERinkaTests */,
				B68A67CD2B55371F0087A74D /* WEATHERinkaUITests */,
				B68A67A82B55371D0087A74D /* Products */,
				4FF0F6B00ED2B3D68EB4A608 /* Pods */,
				059E4AA48814EFB975F75932 /* Frameworks */,
			);
			sourceTree = "<group>";
		};
		B68A67A82B55371D0087A74D /* Products */ = {
			isa = PBXGroup;
			children = (
				B68A67A72B55371D0087A74D /* WEATHERinka.app */,
				B68A67C02B55371F0087A74D /* WEATHERinkaTests.xctest */,
				B68A67CA2B55371F0087A74D /* WEATHERinkaUITests.xctest */,
			);
			name = Products;
			sourceTree = "<group>";
		};
		B68A67A92B55371D0087A74D /* WEATHERinka */ = {
			isa = PBXGroup;
			children = (
				B68A67AA2B55371D0087A74D /* AppDelegate.swift */,
				B68A67AC2B55371D0087A74D /* SceneDelegate.swift */,
				B68A67FA2B568BD40087A74D /* Utils */,
				B68A67DD2B5544360087A74D /* Coordinators */,
				B68A67DE2B5544620087A74D /* CitiesModule */,
				B68A67DF2B55446B0087A74D /* WeatherModule */,
				B68A67FF2B568F6A0087A74D /* Models */,
				B68A67F72B567A030087A74D /* Managers */,
				B68A67B62B55371F0087A74D /* Assets.xcassets */,
				B68A67B82B55371F0087A74D /* LaunchScreen.storyboard */,
				B68A67BB2B55371F0087A74D /* Info.plist */,
				B68A67B32B55371D0087A74D /* WEATHERinka.xcdatamodeld */,
			);
			path = WEATHERinka;
			sourceTree = "<group>";
		};
		B68A67C32B55371F0087A74D /* WEATHERinkaTests */ = {
			isa = PBXGroup;
			children = (
				B68A67C42B55371F0087A74D /* WEATHERinkaTests.swift */,
			);
			path = WEATHERinkaTests;
			sourceTree = "<group>";
		};
		B68A67CD2B55371F0087A74D /* WEATHERinkaUITests */ = {
			isa = PBXGroup;
			children = (
				B68A67CE2B55371F0087A74D /* WEATHERinkaUITests.swift */,
				B68A67D02B55371F0087A74D /* WEATHERinkaUITestsLaunchTests.swift */,
			);
			path = WEATHERinkaUITests;
			sourceTree = "<group>";
		};
		B68A67DD2B5544360087A74D /* Coordinators */ = {
			isa = PBXGroup;
			children = (
				B68A67E02B55449B0087A74D /* Coordinator.swift */,
				B68A67E32B5544E50087A74D /* AppCoordinator.swift */,
				B68A67E52B55452A0087A74D /* WeatherCoordinator.swift */,
				B68A67E72B55455E0087A74D /* CitiesCoordinator.swift */,
			);
			path = Coordinators;
			sourceTree = "<group>";
		};
		B68A67DE2B5544620087A74D /* CitiesModule */ = {
			isa = PBXGroup;
			children = (
				B68A67EA2B5546790087A74D /* View */,
				B68A67E92B55466A0087A74D /* ViewModel */,
			);
			path = CitiesModule;
			sourceTree = "<group>";
		};
		B68A67DF2B55446B0087A74D /* WeatherModule */ = {
			isa = PBXGroup;
			children = (
				B68A67F02B5548B80087A74D /* View */,
				B68A67EF2B5548B10087A74D /* ViewModel */,
			);
			path = WeatherModule;
			sourceTree = "<group>";
		};
		B68A67E92B55466A0087A74D /* ViewModel */ = {
			isa = PBXGroup;
			children = (
				B68A67EB2B55469C0087A74D /* CitiesViewModel.swift */,
			);
			path = ViewModel;
			sourceTree = "<group>";
		};
		B68A67EA2B5546790087A74D /* View */ = {
			isa = PBXGroup;
			children = (
				B68A67ED2B5547120087A74D /* CitiesViewController.swift */,
				B68A68082B56F2830087A74D /* SearchResultsViewController.swift */,
			);
			path = View;
			sourceTree = "<group>";
		};
		B68A67EF2B5548B10087A74D /* ViewModel */ = {
			isa = PBXGroup;
			children = (
				B68A67F12B5548C70087A74D /* WeatherViewModel.swift */,
			);
			path = ViewModel;
			sourceTree = "<group>";
		};
		B68A67F02B5548B80087A74D /* View */ = {
			isa = PBXGroup;
			children = (
				B68A67F32B5548D30087A74D /* WeatherViewController.swift */,
			);
			path = View;
			sourceTree = "<group>";
		};
		B68A67F72B567A030087A74D /* Managers */ = {
			isa = PBXGroup;
			children = (
				B68A67F82B567A2C0087A74D /* NetworkManager.swift */,
				B68A68062B5697E40087A74D /* LocationManager.swift */,
			);
			path = Managers;
			sourceTree = "<group>";
		};
		B68A67FA2B568BD40087A74D /* Utils */ = {
			isa = PBXGroup;
			children = (
				B68A67FB2B568BE40087A74D /* Constants.swift */,
				B68A67FD2B568BFB0087A74D /* NetworkRouter.swift */,
			);
			path = Utils;
			sourceTree = "<group>";
		};
		B68A67FF2B568F6A0087A74D /* Models */ = {
			isa = PBXGroup;
			children = (
				B68A680A2B56F5D30087A74D /* Items */,
				B68A68002B568F790087A74D /* MapsAccessToken.swift */,
				B6E506FB2B5D58ED0051CE70 /* Cities.swift */,
				B6E506FD2B5D58F40051CE70 /* City.swift */,
			);
			path = Models;
			sourceTree = "<group>";
		};
		B68A680A2B56F5D30087A74D /* Items */ = {
			isa = PBXGroup;
			children = (
				B68A680B2B56F5E90087A74D /* CityItem.swift */,
			);
			path = Items;
			sourceTree = "<group>";
		};
/* End PBXGroup section */

/* Begin PBXNativeTarget section */
		B68A67A62B55371D0087A74D /* WEATHERinka */ = {
			isa = PBXNativeTarget;
			buildConfigurationList = B68A67D42B55371F0087A74D /* Build configuration list for PBXNativeTarget "WEATHERinka" */;
			buildPhases = (
				6FEEF8E4C6DC60FB6D52E4F8 /* [CP] Check Pods Manifest.lock */,
				B68A67A32B55371D0087A74D /* Sources */,
				B68A67A42B55371D0087A74D /* Frameworks */,
				B68A67A52B55371D0087A74D /* Resources */,
				18AB43AE693DE2E9B6246AE6 /* [CP] Embed Pods Frameworks */,
			);
			buildRules = (
			);
			dependencies = (
			);
			name = WEATHERinka;
			productName = WEATHERinka;
			productReference = B68A67A72B55371D0087A74D /* WEATHERinka.app */;
			productType = "com.apple.product-type.application";
		};
		B68A67BF2B55371F0087A74D /* WEATHERinkaTests */ = {
			isa = PBXNativeTarget;
			buildConfigurationList = B68A67D72B55371F0087A74D /* Build configuration list for PBXNativeTarget "WEATHERinkaTests" */;
			buildPhases = (
				9728A282CFCE823A6ED71435 /* [CP] Check Pods Manifest.lock */,
				B68A67BC2B55371F0087A74D /* Sources */,
				B68A67BD2B55371F0087A74D /* Frameworks */,
				B68A67BE2B55371F0087A74D /* Resources */,
				FC0D5EC56416B510DC24CCD3 /* [CP] Embed Pods Frameworks */,
			);
			buildRules = (
			);
			dependencies = (
				B68A67C22B55371F0087A74D /* PBXTargetDependency */,
			);
			name = WEATHERinkaTests;
			productName = WEATHERinkaTests;
			productReference = B68A67C02B55371F0087A74D /* WEATHERinkaTests.xctest */;
			productType = "com.apple.product-type.bundle.unit-test";
		};
		B68A67C92B55371F0087A74D /* WEATHERinkaUITests */ = {
			isa = PBXNativeTarget;
			buildConfigurationList = B68A67DA2B55371F0087A74D /* Build configuration list for PBXNativeTarget "WEATHERinkaUITests" */;
			buildPhases = (
				8488198254236CEAC12A445D /* [CP] Check Pods Manifest.lock */,
				B68A67C62B55371F0087A74D /* Sources */,
				B68A67C72B55371F0087A74D /* Frameworks */,
				B68A67C82B55371F0087A74D /* Resources */,
				11FFE455618C6FA55FA53C5D /* [CP] Embed Pods Frameworks */,
			);
			buildRules = (
			);
			dependencies = (
				B68A67CC2B55371F0087A74D /* PBXTargetDependency */,
			);
			name = WEATHERinkaUITests;
			productName = WEATHERinkaUITests;
			productReference = B68A67CA2B55371F0087A74D /* WEATHERinkaUITests.xctest */;
			productType = "com.apple.product-type.bundle.ui-testing";
		};
/* End PBXNativeTarget section */

/* Begin PBXProject section */
		B68A679F2B55371D0087A74D /* Project object */ = {
			isa = PBXProject;
			attributes = {
				BuildIndependentTargetsInParallel = 1;
				LastSwiftUpdateCheck = 1510;
				LastUpgradeCheck = 1510;
				TargetAttributes = {
					B68A67A62B55371D0087A74D = {
						CreatedOnToolsVersion = 15.1;
					};
					B68A67BF2B55371F0087A74D = {
						CreatedOnToolsVersion = 15.1;
						TestTargetID = B68A67A62B55371D0087A74D;
					};
					B68A67C92B55371F0087A74D = {
						CreatedOnToolsVersion = 15.1;
						TestTargetID = B68A67A62B55371D0087A74D;
					};
				};
			};
			buildConfigurationList = B68A67A22B55371D0087A74D /* Build configuration list for PBXProject "WEATHERinka" */;
			compatibilityVersion = "Xcode 14.0";
			developmentRegion = en;
			hasScannedForEncodings = 0;
			knownRegions = (
				en,
				Base,
			);
			mainGroup = B68A679E2B55371D0087A74D;
			productRefGroup = B68A67A82B55371D0087A74D /* Products */;
			projectDirPath = "";
			projectRoot = "";
			targets = (
				B68A67A62B55371D0087A74D /* WEATHERinka */,
				B68A67BF2B55371F0087A74D /* WEATHERinkaTests */,
				B68A67C92B55371F0087A74D /* WEATHERinkaUITests */,
			);
		};
/* End PBXProject section */

/* Begin PBXResourcesBuildPhase section */
		B68A67A52B55371D0087A74D /* Resources */ = {
			isa = PBXResourcesBuildPhase;
			buildActionMask = 2147483647;
			files = (
				B68A67BA2B55371F0087A74D /* LaunchScreen.storyboard in Resources */,
				B68A67B72B55371F0087A74D /* Assets.xcassets in Resources */,
			);
			runOnlyForDeploymentPostprocessing = 0;
		};
		B68A67BE2B55371F0087A74D /* Resources */ = {
			isa = PBXResourcesBuildPhase;
			buildActionMask = 2147483647;
			files = (
			);
			runOnlyForDeploymentPostprocessing = 0;
		};
		B68A67C82B55371F0087A74D /* Resources */ = {
			isa = PBXResourcesBuildPhase;
			buildActionMask = 2147483647;
			files = (
			);
			runOnlyForDeploymentPostprocessing = 0;
		};
/* End PBXResourcesBuildPhase section */

/* Begin PBXShellScriptBuildPhase section */
		11FFE455618C6FA55FA53C5D /* [CP] Embed Pods Frameworks */ = {
			isa = PBXShellScriptBuildPhase;
			buildActionMask = 2147483647;
			files = (
			);
			inputFileListPaths = (
				"${PODS_ROOT}/Target Support Files/Pods-WEATHERinka-WEATHERinkaUITests/Pods-WEATHERinka-WEATHERinkaUITests-frameworks-${CONFIGURATION}-input-files.xcfilelist",
			);
			name = "[CP] Embed Pods Frameworks";
			outputFileListPaths = (
				"${PODS_ROOT}/Target Support Files/Pods-WEATHERinka-WEATHERinkaUITests/Pods-WEATHERinka-WEATHERinkaUITests-frameworks-${CONFIGURATION}-output-files.xcfilelist",
			);
			runOnlyForDeploymentPostprocessing = 0;
			shellPath = /bin/sh;
			shellScript = "\"${PODS_ROOT}/Target Support Files/Pods-WEATHERinka-WEATHERinkaUITests/Pods-WEATHERinka-WEATHERinkaUITests-frameworks.sh\"\n";
			showEnvVarsInLog = 0;
		};
		18AB43AE693DE2E9B6246AE6 /* [CP] Embed Pods Frameworks */ = {
			isa = PBXShellScriptBuildPhase;
			buildActionMask = 2147483647;
			files = (
			);
			inputFileListPaths = (
				"${PODS_ROOT}/Target Support Files/Pods-WEATHERinka/Pods-WEATHERinka-frameworks-${CONFIGURATION}-input-files.xcfilelist",
			);
			name = "[CP] Embed Pods Frameworks";
			outputFileListPaths = (
				"${PODS_ROOT}/Target Support Files/Pods-WEATHERinka/Pods-WEATHERinka-frameworks-${CONFIGURATION}-output-files.xcfilelist",
			);
			runOnlyForDeploymentPostprocessing = 0;
			shellPath = /bin/sh;
			shellScript = "\"${PODS_ROOT}/Target Support Files/Pods-WEATHERinka/Pods-WEATHERinka-frameworks.sh\"\n";
			showEnvVarsInLog = 0;
		};
		6FEEF8E4C6DC60FB6D52E4F8 /* [CP] Check Pods Manifest.lock */ = {
			isa = PBXShellScriptBuildPhase;
			buildActionMask = 2147483647;
			files = (
			);
			inputFileListPaths = (
			);
			inputPaths = (
				"${PODS_PODFILE_DIR_PATH}/Podfile.lock",
				"${PODS_ROOT}/Manifest.lock",
			);
			name = "[CP] Check Pods Manifest.lock";
			outputFileListPaths = (
			);
			outputPaths = (
				"$(DERIVED_FILE_DIR)/Pods-WEATHERinka-checkManifestLockResult.txt",
			);
			runOnlyForDeploymentPostprocessing = 0;
			shellPath = /bin/sh;
			shellScript = "diff \"${PODS_PODFILE_DIR_PATH}/Podfile.lock\" \"${PODS_ROOT}/Manifest.lock\" > /dev/null\nif [ $? != 0 ] ; then\n    # print error to STDERR\n    echo \"error: The sandbox is not in sync with the Podfile.lock. Run 'pod install' or update your CocoaPods installation.\" >&2\n    exit 1\nfi\n# This output is used by Xcode 'outputs' to avoid re-running this script phase.\necho \"SUCCESS\" > \"${SCRIPT_OUTPUT_FILE_0}\"\n";
			showEnvVarsInLog = 0;
		};
		8488198254236CEAC12A445D /* [CP] Check Pods Manifest.lock */ = {
			isa = PBXShellScriptBuildPhase;
			buildActionMask = 2147483647;
			files = (
			);
			inputFileListPaths = (
			);
			inputPaths = (
				"${PODS_PODFILE_DIR_PATH}/Podfile.lock",
				"${PODS_ROOT}/Manifest.lock",
			);
			name = "[CP] Check Pods Manifest.lock";
			outputFileListPaths = (
			);
			outputPaths = (
				"$(DERIVED_FILE_DIR)/Pods-WEATHERinka-WEATHERinkaUITests-checkManifestLockResult.txt",
			);
			runOnlyForDeploymentPostprocessing = 0;
			shellPath = /bin/sh;
			shellScript = "diff \"${PODS_PODFILE_DIR_PATH}/Podfile.lock\" \"${PODS_ROOT}/Manifest.lock\" > /dev/null\nif [ $? != 0 ] ; then\n    # print error to STDERR\n    echo \"error: The sandbox is not in sync with the Podfile.lock. Run 'pod install' or update your CocoaPods installation.\" >&2\n    exit 1\nfi\n# This output is used by Xcode 'outputs' to avoid re-running this script phase.\necho \"SUCCESS\" > \"${SCRIPT_OUTPUT_FILE_0}\"\n";
			showEnvVarsInLog = 0;
		};
		9728A282CFCE823A6ED71435 /* [CP] Check Pods Manifest.lock */ = {
			isa = PBXShellScriptBuildPhase;
			buildActionMask = 2147483647;
			files = (
			);
			inputFileListPaths = (
			);
			inputPaths = (
				"${PODS_PODFILE_DIR_PATH}/Podfile.lock",
				"${PODS_ROOT}/Manifest.lock",
			);
			name = "[CP] Check Pods Manifest.lock";
			outputFileListPaths = (
			);
			outputPaths = (
				"$(DERIVED_FILE_DIR)/Pods-WEATHERinkaTests-checkManifestLockResult.txt",
			);
			runOnlyForDeploymentPostprocessing = 0;
			shellPath = /bin/sh;
			shellScript = "diff \"${PODS_PODFILE_DIR_PATH}/Podfile.lock\" \"${PODS_ROOT}/Manifest.lock\" > /dev/null\nif [ $? != 0 ] ; then\n    # print error to STDERR\n    echo \"error: The sandbox is not in sync with the Podfile.lock. Run 'pod install' or update your CocoaPods installation.\" >&2\n    exit 1\nfi\n# This output is used by Xcode 'outputs' to avoid re-running this script phase.\necho \"SUCCESS\" > \"${SCRIPT_OUTPUT_FILE_0}\"\n";
			showEnvVarsInLog = 0;
		};
		FC0D5EC56416B510DC24CCD3 /* [CP] Embed Pods Frameworks */ = {
			isa = PBXShellScriptBuildPhase;
			buildActionMask = 2147483647;
			files = (
			);
			inputFileListPaths = (
				"${PODS_ROOT}/Target Support Files/Pods-WEATHERinkaTests/Pods-WEATHERinkaTests-frameworks-${CONFIGURATION}-input-files.xcfilelist",
			);
			name = "[CP] Embed Pods Frameworks";
			outputFileListPaths = (
				"${PODS_ROOT}/Target Support Files/Pods-WEATHERinkaTests/Pods-WEATHERinkaTests-frameworks-${CONFIGURATION}-output-files.xcfilelist",
			);
			runOnlyForDeploymentPostprocessing = 0;
			shellPath = /bin/sh;
			shellScript = "\"${PODS_ROOT}/Target Support Files/Pods-WEATHERinkaTests/Pods-WEATHERinkaTests-frameworks.sh\"\n";
			showEnvVarsInLog = 0;
		};
/* End PBXShellScriptBuildPhase section */

/* Begin PBXSourcesBuildPhase section */
		B68A67A32B55371D0087A74D /* Sources */ = {
			isa = PBXSourcesBuildPhase;
			buildActionMask = 2147483647;
			files = (
				B68A67F92B567A2C0087A74D /* NetworkManager.swift in Sources */,
				B68A67E12B55449B0087A74D /* Coordinator.swift in Sources */,
				B68A67AB2B55371D0087A74D /* AppDelegate.swift in Sources */,
				B68A67E42B5544E50087A74D /* AppCoordinator.swift in Sources */,
				B68A67EE2B5547120087A74D /* CitiesViewController.swift in Sources */,
				B68A67E82B55455E0087A74D /* CitiesCoordinator.swift in Sources */,
				B68A67F22B5548C70087A74D /* WeatherViewModel.swift in Sources */,
				B68A68072B5697E40087A74D /* LocationManager.swift in Sources */,
				B68A680C2B56F5E90087A74D /* CityItem.swift in Sources */,
				B68A68012B568F790087A74D /* MapsAccessToken.swift in Sources */,
				B68A67FC2B568BE40087A74D /* Constants.swift in Sources */,
				B68A67AD2B55371D0087A74D /* SceneDelegate.swift in Sources */,
				B68A68092B56F2830087A74D /* SearchResultsViewController.swift in Sources */,
				B68A67EC2B55469C0087A74D /* CitiesViewModel.swift in Sources */,
				B68A67B52B55371D0087A74D /* WEATHERinka.xcdatamodeld in Sources */,
				B68A67E62B55452A0087A74D /* WeatherCoordinator.swift in Sources */,
				B68A67F42B5548D30087A74D /* WeatherViewController.swift in Sources */,
				B6E506FE2B5D58F40051CE70 /* City.swift in Sources */,
				B6E506FC2B5D58ED0051CE70 /* Cities.swift in Sources */,
				B68A67FE2B568BFB0087A74D /* NetworkRouter.swift in Sources */,
			);
			runOnlyForDeploymentPostprocessing = 0;
		};
		B68A67BC2B55371F0087A74D /* Sources */ = {
			isa = PBXSourcesBuildPhase;
			buildActionMask = 2147483647;
			files = (
				B68A67C52B55371F0087A74D /* WEATHERinkaTests.swift in Sources */,
			);
			runOnlyForDeploymentPostprocessing = 0;
		};
		B68A67C62B55371F0087A74D /* Sources */ = {
			isa = PBXSourcesBuildPhase;
			buildActionMask = 2147483647;
			files = (
				B68A67D12B55371F0087A74D /* WEATHERinkaUITestsLaunchTests.swift in Sources */,
				B68A67CF2B55371F0087A74D /* WEATHERinkaUITests.swift in Sources */,
			);
			runOnlyForDeploymentPostprocessing = 0;
		};
/* End PBXSourcesBuildPhase section */

/* Begin PBXTargetDependency section */
		B68A67C22B55371F0087A74D /* PBXTargetDependency */ = {
			isa = PBXTargetDependency;
			target = B68A67A62B55371D0087A74D /* WEATHERinka */;
			targetProxy = B68A67C12B55371F0087A74D /* PBXContainerItemProxy */;
		};
		B68A67CC2B55371F0087A74D /* PBXTargetDependency */ = {
			isa = PBXTargetDependency;
			target = B68A67A62B55371D0087A74D /* WEATHERinka */;
			targetProxy = B68A67CB2B55371F0087A74D /* PBXContainerItemProxy */;
		};
/* End PBXTargetDependency section */

/* Begin PBXVariantGroup section */
		B68A67B82B55371F0087A74D /* LaunchScreen.storyboard */ = {
			isa = PBXVariantGroup;
			children = (
				B68A67B92B55371F0087A74D /* Base */,
			);
			name = LaunchScreen.storyboard;
			sourceTree = "<group>";
		};
/* End PBXVariantGroup section */

/* Begin XCBuildConfiguration section */
		B68A67D22B55371F0087A74D /* Debug */ = {
			isa = XCBuildConfiguration;
			buildSettings = {
				ALWAYS_SEARCH_USER_PATHS = NO;
				ASSETCATALOG_COMPILER_GENERATE_SWIFT_ASSET_SYMBOL_EXTENSIONS = YES;
				CLANG_ANALYZER_NONNULL = YES;
				CLANG_ANALYZER_NUMBER_OBJECT_CONVERSION = YES_AGGRESSIVE;
				CLANG_CXX_LANGUAGE_STANDARD = "gnu++20";
				CLANG_ENABLE_MODULES = YES;
				CLANG_ENABLE_OBJC_ARC = YES;
				CLANG_ENABLE_OBJC_WEAK = YES;
				CLANG_WARN_BLOCK_CAPTURE_AUTORELEASING = YES;
				CLANG_WARN_BOOL_CONVERSION = YES;
				CLANG_WARN_COMMA = YES;
				CLANG_WARN_CONSTANT_CONVERSION = YES;
				CLANG_WARN_DEPRECATED_OBJC_IMPLEMENTATIONS = YES;
				CLANG_WARN_DIRECT_OBJC_ISA_USAGE = YES_ERROR;
				CLANG_WARN_DOCUMENTATION_COMMENTS = YES;
				CLANG_WARN_EMPTY_BODY = YES;
				CLANG_WARN_ENUM_CONVERSION = YES;
				CLANG_WARN_INFINITE_RECURSION = YES;
				CLANG_WARN_INT_CONVERSION = YES;
				CLANG_WARN_NON_LITERAL_NULL_CONVERSION = YES;
				CLANG_WARN_OBJC_IMPLICIT_RETAIN_SELF = YES;
				CLANG_WARN_OBJC_LITERAL_CONVERSION = YES;
				CLANG_WARN_OBJC_ROOT_CLASS = YES_ERROR;
				CLANG_WARN_QUOTED_INCLUDE_IN_FRAMEWORK_HEADER = YES;
				CLANG_WARN_RANGE_LOOP_ANALYSIS = YES;
				CLANG_WARN_STRICT_PROTOTYPES = YES;
				CLANG_WARN_SUSPICIOUS_MOVE = YES;
				CLANG_WARN_UNGUARDED_AVAILABILITY = YES_AGGRESSIVE;
				CLANG_WARN_UNREACHABLE_CODE = YES;
				CLANG_WARN__DUPLICATE_METHOD_MATCH = YES;
				COPY_PHASE_STRIP = NO;
				DEBUG_INFORMATION_FORMAT = dwarf;
				ENABLE_STRICT_OBJC_MSGSEND = YES;
				ENABLE_TESTABILITY = YES;
				ENABLE_USER_SCRIPT_SANDBOXING = YES;
				GCC_C_LANGUAGE_STANDARD = gnu17;
				GCC_DYNAMIC_NO_PIC = NO;
				GCC_NO_COMMON_BLOCKS = YES;
				GCC_OPTIMIZATION_LEVEL = 0;
				GCC_PREPROCESSOR_DEFINITIONS = (
					"DEBUG=1",
					"$(inherited)",
				);
				GCC_WARN_64_TO_32_BIT_CONVERSION = YES;
				GCC_WARN_ABOUT_RETURN_TYPE = YES_ERROR;
				GCC_WARN_UNDECLARED_SELECTOR = YES;
				GCC_WARN_UNINITIALIZED_AUTOS = YES_AGGRESSIVE;
				GCC_WARN_UNUSED_FUNCTION = YES;
				GCC_WARN_UNUSED_VARIABLE = YES;
				IPHONEOS_DEPLOYMENT_TARGET = 17.2;
				LOCALIZATION_PREFERS_STRING_CATALOGS = YES;
				MTL_ENABLE_DEBUG_INFO = INCLUDE_SOURCE;
				MTL_FAST_MATH = YES;
				ONLY_ACTIVE_ARCH = YES;
				SDKROOT = iphoneos;
				SWIFT_ACTIVE_COMPILATION_CONDITIONS = "DEBUG $(inherited)";
				SWIFT_OPTIMIZATION_LEVEL = "-Onone";
			};
			name = Debug;
		};
		B68A67D32B55371F0087A74D /* Release */ = {
			isa = XCBuildConfiguration;
			buildSettings = {
				ALWAYS_SEARCH_USER_PATHS = NO;
				ASSETCATALOG_COMPILER_GENERATE_SWIFT_ASSET_SYMBOL_EXTENSIONS = YES;
				CLANG_ANALYZER_NONNULL = YES;
				CLANG_ANALYZER_NUMBER_OBJECT_CONVERSION = YES_AGGRESSIVE;
				CLANG_CXX_LANGUAGE_STANDARD = "gnu++20";
				CLANG_ENABLE_MODULES = YES;
				CLANG_ENABLE_OBJC_ARC = YES;
				CLANG_ENABLE_OBJC_WEAK = YES;
				CLANG_WARN_BLOCK_CAPTURE_AUTORELEASING = YES;
				CLANG_WARN_BOOL_CONVERSION = YES;
				CLANG_WARN_COMMA = YES;
				CLANG_WARN_CONSTANT_CONVERSION = YES;
				CLANG_WARN_DEPRECATED_OBJC_IMPLEMENTATIONS = YES;
				CLANG_WARN_DIRECT_OBJC_ISA_USAGE = YES_ERROR;
				CLANG_WARN_DOCUMENTATION_COMMENTS = YES;
				CLANG_WARN_EMPTY_BODY = YES;
				CLANG_WARN_ENUM_CONVERSION = YES;
				CLANG_WARN_INFINITE_RECURSION = YES;
				CLANG_WARN_INT_CONVERSION = YES;
				CLANG_WARN_NON_LITERAL_NULL_CONVERSION = YES;
				CLANG_WARN_OBJC_IMPLICIT_RETAIN_SELF = YES;
				CLANG_WARN_OBJC_LITERAL_CONVERSION = YES;
				CLANG_WARN_OBJC_ROOT_CLASS = YES_ERROR;
				CLANG_WARN_QUOTED_INCLUDE_IN_FRAMEWORK_HEADER = YES;
				CLANG_WARN_RANGE_LOOP_ANALYSIS = YES;
				CLANG_WARN_STRICT_PROTOTYPES = YES;
				CLANG_WARN_SUSPICIOUS_MOVE = YES;
				CLANG_WARN_UNGUARDED_AVAILABILITY = YES_AGGRESSIVE;
				CLANG_WARN_UNREACHABLE_CODE = YES;
				CLANG_WARN__DUPLICATE_METHOD_MATCH = YES;
				COPY_PHASE_STRIP = NO;
				DEBUG_INFORMATION_FORMAT = "dwarf-with-dsym";
				ENABLE_NS_ASSERTIONS = NO;
				ENABLE_STRICT_OBJC_MSGSEND = YES;
				ENABLE_USER_SCRIPT_SANDBOXING = YES;
				GCC_C_LANGUAGE_STANDARD = gnu17;
				GCC_NO_COMMON_BLOCKS = YES;
				GCC_WARN_64_TO_32_BIT_CONVERSION = YES;
				GCC_WARN_ABOUT_RETURN_TYPE = YES_ERROR;
				GCC_WARN_UNDECLARED_SELECTOR = YES;
				GCC_WARN_UNINITIALIZED_AUTOS = YES_AGGRESSIVE;
				GCC_WARN_UNUSED_FUNCTION = YES;
				GCC_WARN_UNUSED_VARIABLE = YES;
				IPHONEOS_DEPLOYMENT_TARGET = 17.2;
				LOCALIZATION_PREFERS_STRING_CATALOGS = YES;
				MTL_ENABLE_DEBUG_INFO = NO;
				MTL_FAST_MATH = YES;
				SDKROOT = iphoneos;
				SWIFT_COMPILATION_MODE = wholemodule;
				VALIDATE_PRODUCT = YES;
			};
			name = Release;
		};
		B68A67D52B55371F0087A74D /* Debug */ = {
			isa = XCBuildConfiguration;
			baseConfigurationReference = 9A6C4A4D860A03D4A0E7D1C2 /* Pods-WEATHERinka.debug.xcconfig */;
			buildSettings = {
				ASSETCATALOG_COMPILER_APPICON_NAME = AppIcon;
				ASSETCATALOG_COMPILER_GLOBAL_ACCENT_COLOR_NAME = AccentColor;
				CODE_SIGN_STYLE = Automatic;
				CURRENT_PROJECT_VERSION = 1;
				DEVELOPMENT_TEAM = P433G7GD7J;
				ENABLE_USER_SCRIPT_SANDBOXING = NO;
				GENERATE_INFOPLIST_FILE = YES;
				INFOPLIST_FILE = WEATHERinka/Info.plist;
				INFOPLIST_KEY_CFBundleDisplayName = WEATHERinka;
				INFOPLIST_KEY_LSApplicationCategoryType = "public.app-category.weather";
				INFOPLIST_KEY_UIApplicationSupportsIndirectInputEvents = YES;
				INFOPLIST_KEY_UILaunchStoryboardName = LaunchScreen;
				INFOPLIST_KEY_UIMainStoryboardFile = "";
				INFOPLIST_KEY_UISupportedInterfaceOrientations = UIInterfaceOrientationPortrait;
				INFOPLIST_KEY_UISupportedInterfaceOrientations_iPad = "UIInterfaceOrientationLandscapeLeft UIInterfaceOrientationLandscapeRight UIInterfaceOrientationPortrait UIInterfaceOrientationPortraitUpsideDown";
				IPHONEOS_DEPLOYMENT_TARGET = 13.0;
				LD_RUNPATH_SEARCH_PATHS = (
					"$(inherited)",
					"@executable_path/Frameworks",
				);
				MARKETING_VERSION = 1.0;
				PRODUCT_BUNDLE_IDENTIFIER = com.shabalin13.WEATHERinka;
				PRODUCT_NAME = "$(TARGET_NAME)";
				SUPPORTED_PLATFORMS = "iphoneos iphonesimulator";
				SUPPORTS_MACCATALYST = NO;
				SUPPORTS_MAC_DESIGNED_FOR_IPHONE_IPAD = NO;
				SWIFT_EMIT_LOC_STRINGS = YES;
				SWIFT_VERSION = 5.0;
				TARGETED_DEVICE_FAMILY = 1;
			};
			name = Debug;
		};
		B68A67D62B55371F0087A74D /* Release */ = {
			isa = XCBuildConfiguration;
			baseConfigurationReference = C71ADADB1A220A21633F60BA /* Pods-WEATHERinka.release.xcconfig */;
			buildSettings = {
				ASSETCATALOG_COMPILER_APPICON_NAME = AppIcon;
				ASSETCATALOG_COMPILER_GLOBAL_ACCENT_COLOR_NAME = AccentColor;
				CODE_SIGN_STYLE = Automatic;
				CURRENT_PROJECT_VERSION = 1;
				DEVELOPMENT_TEAM = P433G7GD7J;
				ENABLE_USER_SCRIPT_SANDBOXING = NO;
				GENERATE_INFOPLIST_FILE = YES;
				INFOPLIST_FILE = WEATHERinka/Info.plist;
				INFOPLIST_KEY_CFBundleDisplayName = WEATHERinka;
				INFOPLIST_KEY_LSApplicationCategoryType = "public.app-category.weather";
				INFOPLIST_KEY_UIApplicationSupportsIndirectInputEvents = YES;
				INFOPLIST_KEY_UILaunchStoryboardName = LaunchScreen;
				INFOPLIST_KEY_UIMainStoryboardFile = "";
				INFOPLIST_KEY_UISupportedInterfaceOrientations = UIInterfaceOrientationPortrait;
				INFOPLIST_KEY_UISupportedInterfaceOrientations_iPad = "UIInterfaceOrientationLandscapeLeft UIInterfaceOrientationLandscapeRight UIInterfaceOrientationPortrait UIInterfaceOrientationPortraitUpsideDown";
				IPHONEOS_DEPLOYMENT_TARGET = 13.0;
				LD_RUNPATH_SEARCH_PATHS = (
					"$(inherited)",
					"@executable_path/Frameworks",
				);
				MARKETING_VERSION = 1.0;
				PRODUCT_BUNDLE_IDENTIFIER = com.shabalin13.WEATHERinka;
				PRODUCT_NAME = "$(TARGET_NAME)";
				SUPPORTED_PLATFORMS = "iphoneos iphonesimulator";
				SUPPORTS_MACCATALYST = NO;
				SUPPORTS_MAC_DESIGNED_FOR_IPHONE_IPAD = NO;
				SWIFT_EMIT_LOC_STRINGS = YES;
				SWIFT_VERSION = 5.0;
				TARGETED_DEVICE_FAMILY = 1;
			};
			name = Release;
		};
		B68A67D82B55371F0087A74D /* Debug */ = {
			isa = XCBuildConfiguration;
			baseConfigurationReference = 0C4C3E274458B85772B824CD /* Pods-WEATHERinkaTests.debug.xcconfig */;
			buildSettings = {
				ALWAYS_EMBED_SWIFT_STANDARD_LIBRARIES = YES;
				BUNDLE_LOADER = "$(TEST_HOST)";
				CODE_SIGN_STYLE = Automatic;
				CURRENT_PROJECT_VERSION = 1;
				DEVELOPMENT_TEAM = P433G7GD7J;
				GENERATE_INFOPLIST_FILE = YES;
				IPHONEOS_DEPLOYMENT_TARGET = 13.0;
				MARKETING_VERSION = 1.0;
				PRODUCT_BUNDLE_IDENTIFIER = com.shabalin13.WEATHERinkaTests;
				PRODUCT_NAME = "$(TARGET_NAME)";
				SUPPORTED_PLATFORMS = "iphoneos iphonesimulator";
				SUPPORTS_MACCATALYST = NO;
				SUPPORTS_MAC_DESIGNED_FOR_IPHONE_IPAD = NO;
				SWIFT_EMIT_LOC_STRINGS = NO;
				SWIFT_VERSION = 5.0;
				TARGETED_DEVICE_FAMILY = 1;
				TEST_HOST = "$(BUILT_PRODUCTS_DIR)/WEATHERinka.app/$(BUNDLE_EXECUTABLE_FOLDER_PATH)/WEATHERinka";
			};
			name = Debug;
		};
		B68A67D92B55371F0087A74D /* Release */ = {
			isa = XCBuildConfiguration;
			baseConfigurationReference = BA48C29E51947264EC2197DB /* Pods-WEATHERinkaTests.release.xcconfig */;
			buildSettings = {
				ALWAYS_EMBED_SWIFT_STANDARD_LIBRARIES = YES;
				BUNDLE_LOADER = "$(TEST_HOST)";
				CODE_SIGN_STYLE = Automatic;
				CURRENT_PROJECT_VERSION = 1;
				DEVELOPMENT_TEAM = P433G7GD7J;
				GENERATE_INFOPLIST_FILE = YES;
				IPHONEOS_DEPLOYMENT_TARGET = 13.0;
				MARKETING_VERSION = 1.0;
				PRODUCT_BUNDLE_IDENTIFIER = com.shabalin13.WEATHERinkaTests;
				PRODUCT_NAME = "$(TARGET_NAME)";
				SUPPORTED_PLATFORMS = "iphoneos iphonesimulator";
				SUPPORTS_MACCATALYST = NO;
				SUPPORTS_MAC_DESIGNED_FOR_IPHONE_IPAD = NO;
				SWIFT_EMIT_LOC_STRINGS = NO;
				SWIFT_VERSION = 5.0;
				TARGETED_DEVICE_FAMILY = 1;
				TEST_HOST = "$(BUILT_PRODUCTS_DIR)/WEATHERinka.app/$(BUNDLE_EXECUTABLE_FOLDER_PATH)/WEATHERinka";
			};
			name = Release;
		};
		B68A67DB2B55371F0087A74D /* Debug */ = {
			isa = XCBuildConfiguration;
			baseConfigurationReference = 7974227B610C3A5171996C92 /* Pods-WEATHERinka-WEATHERinkaUITests.debug.xcconfig */;
			buildSettings = {
				ALWAYS_EMBED_SWIFT_STANDARD_LIBRARIES = YES;
				CODE_SIGN_STYLE = Automatic;
				CURRENT_PROJECT_VERSION = 1;
				DEVELOPMENT_TEAM = P433G7GD7J;
				GENERATE_INFOPLIST_FILE = YES;
				IPHONEOS_DEPLOYMENT_TARGET = 13.0;
				MARKETING_VERSION = 1.0;
				PRODUCT_BUNDLE_IDENTIFIER = com.shabalin13.WEATHERinkaUITests;
				PRODUCT_NAME = "$(TARGET_NAME)";
				SUPPORTED_PLATFORMS = "iphoneos iphonesimulator";
				SUPPORTS_MACCATALYST = NO;
				SUPPORTS_MAC_DESIGNED_FOR_IPHONE_IPAD = NO;
				SWIFT_EMIT_LOC_STRINGS = NO;
				SWIFT_VERSION = 5.0;
				TARGETED_DEVICE_FAMILY = 1;
				TEST_TARGET_NAME = WEATHERinka;
			};
			name = Debug;
		};
		B68A67DC2B55371F0087A74D /* Release */ = {
			isa = XCBuildConfiguration;
			baseConfigurationReference = 0E5C5EA7D85B6CE517D2F042 /* Pods-WEATHERinka-WEATHERinkaUITests.release.xcconfig */;
			buildSettings = {
				ALWAYS_EMBED_SWIFT_STANDARD_LIBRARIES = YES;
				CODE_SIGN_STYLE = Automatic;
				CURRENT_PROJECT_VERSION = 1;
				DEVELOPMENT_TEAM = P433G7GD7J;
				GENERATE_INFOPLIST_FILE = YES;
				IPHONEOS_DEPLOYMENT_TARGET = 13.0;
				MARKETING_VERSION = 1.0;
				PRODUCT_BUNDLE_IDENTIFIER = com.shabalin13.WEATHERinkaUITests;
				PRODUCT_NAME = "$(TARGET_NAME)";
				SUPPORTED_PLATFORMS = "iphoneos iphonesimulator";
				SUPPORTS_MACCATALYST = NO;
				SUPPORTS_MAC_DESIGNED_FOR_IPHONE_IPAD = NO;
				SWIFT_EMIT_LOC_STRINGS = NO;
				SWIFT_VERSION = 5.0;
				TARGETED_DEVICE_FAMILY = 1;
				TEST_TARGET_NAME = WEATHERinka;
			};
			name = Release;
		};
/* End XCBuildConfiguration section */

/* Begin XCConfigurationList section */
		B68A67A22B55371D0087A74D /* Build configuration list for PBXProject "WEATHERinka" */ = {
			isa = XCConfigurationList;
			buildConfigurations = (
				B68A67D22B55371F0087A74D /* Debug */,
				B68A67D32B55371F0087A74D /* Release */,
			);
			defaultConfigurationIsVisible = 0;
			defaultConfigurationName = Release;
		};
		B68A67D42B55371F0087A74D /* Build configuration list for PBXNativeTarget "WEATHERinka" */ = {
			isa = XCConfigurationList;
			buildConfigurations = (
				B68A67D52B55371F0087A74D /* Debug */,
				B68A67D62B55371F0087A74D /* Release */,
			);
			defaultConfigurationIsVisible = 0;
			defaultConfigurationName = Release;
		};
		B68A67D72B55371F0087A74D /* Build configuration list for PBXNativeTarget "WEATHERinkaTests" */ = {
			isa = XCConfigurationList;
			buildConfigurations = (
				B68A67D82B55371F0087A74D /* Debug */,
				B68A67D92B55371F0087A74D /* Release */,
			);
			defaultConfigurationIsVisible = 0;
			defaultConfigurationName = Release;
		};
		B68A67DA2B55371F0087A74D /* Build configuration list for PBXNativeTarget "WEATHERinkaUITests" */ = {
			isa = XCConfigurationList;
			buildConfigurations = (
				B68A67DB2B55371F0087A74D /* Debug */,
				B68A67DC2B55371F0087A74D /* Release */,
			);
			defaultConfigurationIsVisible = 0;
			defaultConfigurationName = Release;
		};
/* End XCConfigurationList section */

/* Begin XCVersionGroup section */
		B68A67B32B55371D0087A74D /* WEATHERinka.xcdatamodeld */ = {
			isa = XCVersionGroup;
			children = (
				B68A67B42B55371D0087A74D /* WEATHERinka.xcdatamodel */,
			);
			currentVersion = B68A67B42B55371D0087A74D /* WEATHERinka.xcdatamodel */;
			path = WEATHERinka.xcdatamodeld;
			sourceTree = "<group>";
			versionGroupType = wrapper.xcdatamodel;
		};
/* End XCVersionGroup section */
	};
	rootObject = B68A679F2B55371D0087A74D /* Project object */;
}
