// !$*UTF8*$!
{
	archiveVersion = 1;
	classes = {
	};
	objectVersion = 56;
	objects = {

/* Begin PBXBuildFile section */
		B68A67AB2B55371D0087A74D /* AppDelegate.swift in Sources */ = {isa = PBXBuildFile; fileRef = B68A67AA2B55371D0087A74D /* AppDelegate.swift */; };
		B68A67AD2B55371D0087A74D /* SceneDelegate.swift in Sources */ = {isa = PBXBuildFile; fileRef = B68A67AC2B55371D0087A74D /* SceneDelegate.swift */; };
		B68A67AF2B55371D0087A74D /* ViewController.swift in Sources */ = {isa = PBXBuildFile; fileRef = B68A67AE2B55371D0087A74D /* ViewController.swift */; };
		B68A67B52B55371D0087A74D /* WEATHERinka.xcdatamodeld in Sources */ = {isa = PBXBuildFile; fileRef = B68A67B32B55371D0087A74D /* WEATHERinka.xcdatamodeld */; };
		B68A67B72B55371F0087A74D /* Assets.xcassets in Resources */ = {isa = PBXBuildFile; fileRef = B68A67B62B55371F0087A74D /* Assets.xcassets */; };
		B68A67BA2B55371F0087A74D /* LaunchScreen.storyboard in Resources */ = {isa = PBXBuildFile; fileRef = B68A67B82B55371F0087A74D /* LaunchScreen.storyboard */; };
		B68A67C52B55371F0087A74D /* WEATHERinkaTests.swift in Sources */ = {isa = PBXBuildFile; fileRef = B68A67C42B55371F0087A74D /* WEATHERinkaTests.swift */; };
		B68A67CF2B55371F0087A74D /* WEATHERinkaUITests.swift in Sources */ = {isa = PBXBuildFile; fileRef = B68A67CE2B55371F0087A74D /* WEATHERinkaUITests.swift */; };
		B68A67D12B55371F0087A74D /* WEATHERinkaUITestsLaunchTests.swift in Sources */ = {isa = PBXBuildFile; fileRef = B68A67D02B55371F0087A74D /* WEATHERinkaUITestsLaunchTests.swift */; };
/* End PBXBuildFile section */

/* Begin PBXContainerItemProxy section */
		B68A67C12B55371F0087A74D /* PBXContainerItemProxy */ = {
			isa = PBXContainerItemProxy;
			containerPortal = B68A679F2B55371D0087A74D /* Project object */;
			proxyType = 1;
			remoteGlobalIDString = B68A67A62B55371D0087A74D;
			remoteInfo = WEATHERinka;
		};
		B68A67CB2B55371F0087A74D /* PBXContainerItemProxy */ = {
			isa = PBXContainerItemProxy;
			containerPortal = B68A679F2B55371D0087A74D /* Project object */;
			proxyType = 1;
			remoteGlobalIDString = B68A67A62B55371D0087A74D;
			remoteInfo = WEATHERinka;
		};
/* End PBXContainerItemProxy section */

/* Begin PBXFileReference section */
		B68A67A72B55371D0087A74D /* WEATHERinka.app */ = {isa = PBXFileReference; explicitFileType = wrapper.application; includeInIndex = 0; path = WEATHERinka.app; sourceTree = BUILT_PRODUCTS_DIR; };
		B68A67AA2B55371D0087A74D /* AppDelegate.swift */ = {isa = PBXFileReference; lastKnownFileType = sourcecode.swift; path = AppDelegate.swift; sourceTree = "<group>"; };
		B68A67AC2B55371D0087A74D /* SceneDelegate.swift */ = {isa = PBXFileReference; lastKnownFileType = sourcecode.swift; path = SceneDelegate.swift; sourceTree = "<group>"; };
		B68A67AE2B55371D0087A74D /* ViewController.swift */ = {isa = PBXFileReference; lastKnownFileType = sourcecode.swift; path = ViewController.swift; sourceTree = "<group>"; };
		B68A67B42B55371D0087A74D /* WEATHERinka.xcdatamodel */ = {isa = PBXFileReference; lastKnownFileType = wrapper.xcdatamodel; path = WEATHERinka.xcdatamodel; sourceTree = "<group>"; };
		B68A67B62B55371F0087A74D /* Assets.xcassets */ = {isa = PBXFileReference; lastKnownFileType = folder.assetcatalog; path = Assets.xcassets; sourceTree = "<group>"; };
		B68A67B92B55371F0087A74D /* Base */ = {isa = PBXFileReference; lastKnownFileType = file.storyboard; name = Base; path = Base.lproj/LaunchScreen.storyboard; sourceTree = "<group>"; };
		B68A67BB2B55371F0087A74D /* Info.plist */ = {isa = PBXFileReference; lastKnownFileType = text.plist.xml; path = Info.plist; sourceTree = "<group>"; };
		B68A67C02B55371F0087A74D /* WEATHERinkaTests.xctest */ = {isa = PBXFileReference; explicitFileType = wrapper.cfbundle; includeInIndex = 0; path = WEATHERinkaTests.xctest; sourceTree = BUILT_PRODUCTS_DIR; };
		B68A67C42B55371F0087A74D /* WEATHERinkaTests.swift */ = {isa = PBXFileReference; lastKnownFileType = sourcecode.swift; path = WEATHERinkaTests.swift; sourceTree = "<group>"; };
		B68A67CA2B55371F0087A74D /* WEATHERinkaUITests.xctest */ = {isa = PBXFileReference; explicitFileType = wrapper.cfbundle; includeInIndex = 0; path = WEATHERinkaUITests.xctest; sourceTree = BUILT_PRODUCTS_DIR; };
		B68A67CE2B55371F0087A74D /* WEATHERinkaUITests.swift */ = {isa = PBXFileReference; lastKnownFileType = sourcecode.swift; path = WEATHERinkaUITests.swift; sourceTree = "<group>"; };
		B68A67D02B55371F0087A74D /* WEATHERinkaUITestsLaunchTests.swift */ = {isa = PBXFileReference; lastKnownFileType = sourcecode.swift; path = WEATHERinkaUITestsLaunchTests.swift; sourceTree = "<group>"; };
/* End PBXFileReference section */

/* Begin PBXFrameworksBuildPhase section */
		B68A67A42B55371D0087A74D /* Frameworks */ = {
			isa = PBXFrameworksBuildPhase;
			buildActionMask = 2147483647;
			files = (
			);
			runOnlyForDeploymentPostprocessing = 0;
		};
		B68A67BD2B55371F0087A74D /* Frameworks */ = {
			isa = PBXFrameworksBuildPhase;
			buildActionMask = 2147483647;
			files = (
			);
			runOnlyForDeploymentPostprocessing = 0;
		};
		B68A67C72B55371F0087A74D /* Frameworks */ = {
			isa = PBXFrameworksBuildPhase;
			buildActionMask = 2147483647;
			files = (
			);
			runOnlyForDeploymentPostprocessing = 0;
		};
/* End PBXFrameworksBuildPhase section */

/* Begin PBXGroup section */
		B68A679E2B55371D0087A74D = {
			isa = PBXGroup;
			children = (
				B68A67A92B55371D0087A74D /* WEATHERinka */,
				B68A67C32B55371F0087A74D /* WEATHERinkaTests */,
				B68A67CD2B55371F0087A74D /* WEATHERinkaUITests */,
				B68A67A82B55371D0087A74D /* Products */,
			);
			sourceTree = "<group>";
		};
		B68A67A82B55371D0087A74D /* Products */ = {
			isa = PBXGroup;
			children = (
				B68A67A72B55371D0087A74D /* WEATHERinka.app */,
				B68A67C02B55371F0087A74D /* WEATHERinkaTests.xctest */,
				B68A67CA2B55371F0087A74D /* WEATHERinkaUITests.xctest */,
			);
			name = Products;
			sourceTree = "<group>";
		};
		B68A67A92B55371D0087A74D /* WEATHERinka */ = {
			isa = PBXGroup;
			children = (
				B68A67AA2B55371D0087A74D /* AppDelegate.swift */,
				B68A67AC2B55371D0087A74D /* SceneDelegate.swift */,
				B68A67AE2B55371D0087A74D /* ViewController.swift */,
				B68A67B62B55371F0087A74D /* Assets.xcassets */,
				B68A67B82B55371F0087A74D /* LaunchScreen.storyboard */,
				B68A67BB2B55371F0087A74D /* Info.plist */,
				B68A67B32B55371D0087A74D /* WEATHERinka.xcdatamodeld */,
			);
			path = WEATHERinka;
			sourceTree = "<group>";
		};
		B68A67C32B55371F0087A74D /* WEATHERinkaTests */ = {
			isa = PBXGroup;
			children = (
				B68A67C42B55371F0087A74D /* WEATHERinkaTests.swift */,
			);
			path = WEATHERinkaTests;
			sourceTree = "<group>";
		};
		B68A67CD2B55371F0087A74D /* WEATHERinkaUITests */ = {
			isa = PBXGroup;
			children = (
				B68A67CE2B55371F0087A74D /* WEATHERinkaUITests.swift */,
				B68A67D02B55371F0087A74D /* WEATHERinkaUITestsLaunchTests.swift */,
			);
			path = WEATHERinkaUITests;
			sourceTree = "<group>";
		};
/* End PBXGroup section */

/* Begin PBXNativeTarget section */
		B68A67A62B55371D0087A74D /* WEATHERinka */ = {
			isa = PBXNativeTarget;
			buildConfigurationList = B68A67D42B55371F0087A74D /* Build configuration list for PBXNativeTarget "WEATHERinka" */;
			buildPhases = (
				B68A67A32B55371D0087A74D /* Sources */,
				B68A67A42B55371D0087A74D /* Frameworks */,
				B68A67A52B55371D0087A74D /* Resources */,
			);
			buildRules = (
			);
			dependencies = (
			);
			name = WEATHERinka;
			productName = WEATHERinka;
			productReference = B68A67A72B55371D0087A74D /* WEATHERinka.app */;
			productType = "com.apple.product-type.application";
		};
		B68A67BF2B55371F0087A74D /* WEATHERinkaTests */ = {
			isa = PBXNativeTarget;
			buildConfigurationList = B68A67D72B55371F0087A74D /* Build configuration list for PBXNativeTarget "WEATHERinkaTests" */;
			buildPhases = (
				B68A67BC2B55371F0087A74D /* Sources */,
				B68A67BD2B55371F0087A74D /* Frameworks */,
				B68A67BE2B55371F0087A74D /* Resources */,
			);
			buildRules = (
			);
			dependencies = (
				B68A67C22B55371F0087A74D /* PBXTargetDependency */,
			);
			name = WEATHERinkaTests;
			productName = WEATHERinkaTests;
			productReference = B68A67C02B55371F0087A74D /* WEATHERinkaTests.xctest */;
			productType = "com.apple.product-type.bundle.unit-test";
		};
		B68A67C92B55371F0087A74D /* WEATHERinkaUITests */ = {
			isa = PBXNativeTarget;
			buildConfigurationList = B68A67DA2B55371F0087A74D /* Build configuration list for PBXNativeTarget "WEATHERinkaUITests" */;
			buildPhases = (
				B68A67C62B55371F0087A74D /* Sources */,
				B68A67C72B55371F0087A74D /* Frameworks */,
				B68A67C82B55371F0087A74D /* Resources */,
			);
			buildRules = (
			);
			dependencies = (
				B68A67CC2B55371F0087A74D /* PBXTargetDependency */,
			);
			name = WEATHERinkaUITests;
			productName = WEATHERinkaUITests;
			productReference = B68A67CA2B55371F0087A74D /* WEATHERinkaUITests.xctest */;
			productType = "com.apple.product-type.bundle.ui-testing";
		};
/* End PBXNativeTarget section */

/* Begin PBXProject section */
		B68A679F2B55371D0087A74D /* Project object */ = {
			isa = PBXProject;
			attributes = {
				BuildIndependentTargetsInParallel = 1;
				LastSwiftUpdateCheck = 1510;
				LastUpgradeCheck = 1510;
				TargetAttributes = {
					B68A67A62B55371D0087A74D = {
						CreatedOnToolsVersion = 15.1;
					};
					B68A67BF2B55371F0087A74D = {
						CreatedOnToolsVersion = 15.1;
						TestTargetID = B68A67A62B55371D0087A74D;
					};
					B68A67C92B55371F0087A74D = {
						CreatedOnToolsVersion = 15.1;
						TestTargetID = B68A67A62B55371D0087A74D;
					};
				};
			};
			buildConfigurationList = B68A67A22B55371D0087A74D /* Build configuration list for PBXProject "WEATHERinka" */;
			compatibilityVersion = "Xcode 14.0";
			developmentRegion = en;
			hasScannedForEncodings = 0;
			knownRegions = (
				en,
				Base,
			);
			mainGroup = B68A679E2B55371D0087A74D;
			productRefGroup = B68A67A82B55371D0087A74D /* Products */;
			projectDirPath = "";
			projectRoot = "";
			targets = (
				B68A67A62B55371D0087A74D /* WEATHERinka */,
				B68A67BF2B55371F0087A74D /* WEATHERinkaTests */,
				B68A67C92B55371F0087A74D /* WEATHERinkaUITests */,
			);
		};
/* End PBXProject section */

/* Begin PBXResourcesBuildPhase section */
		B68A67A52B55371D0087A74D /* Resources */ = {
			isa = PBXResourcesBuildPhase;
			buildActionMask = 2147483647;
			files = (
				B68A67BA2B55371F0087A74D /* LaunchScreen.storyboard in Resources */,
				B68A67B72B55371F0087A74D /* Assets.xcassets in Resources */,
			);
			runOnlyForDeploymentPostprocessing = 0;
		};
		B68A67BE2B55371F0087A74D /* Resources */ = {
			isa = PBXResourcesBuildPhase;
			buildActionMask = 2147483647;
			files = (
			);
			runOnlyForDeploymentPostprocessing = 0;
		};
		B68A67C82B55371F0087A74D /* Resources */ = {
			isa = PBXResourcesBuildPhase;
			buildActionMask = 2147483647;
			files = (
			);
			runOnlyForDeploymentPostprocessing = 0;
		};
/* End PBXResourcesBuildPhase section */

/* Begin PBXSourcesBuildPhase section */
		B68A67A32B55371D0087A74D /* Sources */ = {
			isa = PBXSourcesBuildPhase;
			buildActionMask = 2147483647;
			files = (
				B68A67AF2B55371D0087A74D /* ViewController.swift in Sources */,
				B68A67AB2B55371D0087A74D /* AppDelegate.swift in Sources */,
				B68A67AD2B55371D0087A74D /* SceneDelegate.swift in Sources */,
				B68A67B52B55371D0087A74D /* WEATHERinka.xcdatamodeld in Sources */,
			);
			runOnlyForDeploymentPostprocessing = 0;
		};
		B68A67BC2B55371F0087A74D /* Sources */ = {
			isa = PBXSourcesBuildPhase;
			buildActionMask = 2147483647;
			files = (
				B68A67C52B55371F0087A74D /* WEATHERinkaTests.swift in Sources */,
			);
			runOnlyForDeploymentPostprocessing = 0;
		};
		B68A67C62B55371F0087A74D /* Sources */ = {
			isa = PBXSourcesBuildPhase;
			buildActionMask = 2147483647;
			files = (
				B68A67D12B55371F0087A74D /* WEATHERinkaUITestsLaunchTests.swift in Sources */,
				B68A67CF2B55371F0087A74D /* WEATHERinkaUITests.swift in Sources */,
			);
			runOnlyForDeploymentPostprocessing = 0;
		};
/* End PBXSourcesBuildPhase section */

/* Begin PBXTargetDependency section */
		B68A67C22B55371F0087A74D /* PBXTargetDependency */ = {
			isa = PBXTargetDependency;
			target = B68A67A62B55371D0087A74D /* WEATHERinka */;
			targetProxy = B68A67C12B55371F0087A74D /* PBXContainerItemProxy */;
		};
		B68A67CC2B55371F0087A74D /* PBXTargetDependency */ = {
			isa = PBXTargetDependency;
			target = B68A67A62B55371D0087A74D /* WEATHERinka */;
			targetProxy = B68A67CB2B55371F0087A74D /* PBXContainerItemProxy */;
		};
/* End PBXTargetDependency section */

/* Begin PBXVariantGroup section */
		B68A67B82B55371F0087A74D /* LaunchScreen.storyboard */ = {
			isa = PBXVariantGroup;
			children = (
				B68A67B92B55371F0087A74D /* Base */,
			);
			name = LaunchScreen.storyboard;
			sourceTree = "<group>";
		};
/* End PBXVariantGroup section */

/* Begin XCBuildConfiguration section */
		B68A67D22B55371F0087A74D /* Debug */ = {
			isa = XCBuildConfiguration;
			buildSettings = {
				ALWAYS_SEARCH_USER_PATHS = NO;
				ASSETCATALOG_COMPILER_GENERATE_SWIFT_ASSET_SYMBOL_EXTENSIONS = YES;
				CLANG_ANALYZER_NONNULL = YES;
				CLANG_ANALYZER_NUMBER_OBJECT_CONVERSION = YES_AGGRESSIVE;
				CLANG_CXX_LANGUAGE_STANDARD = "gnu++20";
				CLANG_ENABLE_MODULES = YES;
				CLANG_ENABLE_OBJC_ARC = YES;
				CLANG_ENABLE_OBJC_WEAK = YES;
				CLANG_WARN_BLOCK_CAPTURE_AUTORELEASING = YES;
				CLANG_WARN_BOOL_CONVERSION = YES;
				CLANG_WARN_COMMA = YES;
				CLANG_WARN_CONSTANT_CONVERSION = YES;
				CLANG_WARN_DEPRECATED_OBJC_IMPLEMENTATIONS = YES;
				CLANG_WARN_DIRECT_OBJC_ISA_USAGE = YES_ERROR;
				CLANG_WARN_DOCUMENTATION_COMMENTS = YES;
				CLANG_WARN_EMPTY_BODY = YES;
				CLANG_WARN_ENUM_CONVERSION = YES;
				CLANG_WARN_INFINITE_RECURSION = YES;
				CLANG_WARN_INT_CONVERSION = YES;
				CLANG_WARN_NON_LITERAL_NULL_CONVERSION = YES;
				CLANG_WARN_OBJC_IMPLICIT_RETAIN_SELF = YES;
				CLANG_WARN_OBJC_LITERAL_CONVERSION = YES;
				CLANG_WARN_OBJC_ROOT_CLASS = YES_ERROR;
				CLANG_WARN_QUOTED_INCLUDE_IN_FRAMEWORK_HEADER = YES;
				CLANG_WARN_RANGE_LOOP_ANALYSIS = YES;
				CLANG_WARN_STRICT_PROTOTYPES = YES;
				CLANG_WARN_SUSPICIOUS_MOVE = YES;
				CLANG_WARN_UNGUARDED_AVAILABILITY = YES_AGGRESSIVE;
				CLANG_WARN_UNREACHABLE_CODE = YES;
				CLANG_WARN__DUPLICATE_METHOD_MATCH = YES;
				COPY_PHASE_STRIP = NO;
				DEBUG_INFORMATION_FORMAT = dwarf;
				ENABLE_STRICT_OBJC_MSGSEND = YES;
				ENABLE_TESTABILITY = YES;
				ENABLE_USER_SCRIPT_SANDBOXING = YES;
				GCC_C_LANGUAGE_STANDARD = gnu17;
				GCC_DYNAMIC_NO_PIC = NO;
				GCC_NO_COMMON_BLOCKS = YES;
				GCC_OPTIMIZATION_LEVEL = 0;
				GCC_PREPROCESSOR_DEFINITIONS = (
					"DEBUG=1",
					"$(inherited)",
				);
				GCC_WARN_64_TO_32_BIT_CONVERSION = YES;
				GCC_WARN_ABOUT_RETURN_TYPE = YES_ERROR;
				GCC_WARN_UNDECLARED_SELECTOR = YES;
				GCC_WARN_UNINITIALIZED_AUTOS = YES_AGGRESSIVE;
				GCC_WARN_UNUSED_FUNCTION = YES;
				GCC_WARN_UNUSED_VARIABLE = YES;
				IPHONEOS_DEPLOYMENT_TARGET = 17.2;
				LOCALIZATION_PREFERS_STRING_CATALOGS = YES;
				MTL_ENABLE_DEBUG_INFO = INCLUDE_SOURCE;
				MTL_FAST_MATH = YES;
				ONLY_ACTIVE_ARCH = YES;
				SDKROOT = iphoneos;
				SWIFT_ACTIVE_COMPILATION_CONDITIONS = "DEBUG $(inherited)";
				SWIFT_OPTIMIZATION_LEVEL = "-Onone";
			};
			name = Debug;
		};
		B68A67D32B55371F0087A74D /* Release */ = {
			isa = XCBuildConfiguration;
			buildSettings = {
				ALWAYS_SEARCH_USER_PATHS = NO;
				ASSETCATALOG_COMPILER_GENERATE_SWIFT_ASSET_SYMBOL_EXTENSIONS = YES;
				CLANG_ANALYZER_NONNULL = YES;
				CLANG_ANALYZER_NUMBER_OBJECT_CONVERSION = YES_AGGRESSIVE;
				CLANG_CXX_LANGUAGE_STANDARD = "gnu++20";
				CLANG_ENABLE_MODULES = YES;
				CLANG_ENABLE_OBJC_ARC = YES;
				CLANG_ENABLE_OBJC_WEAK = YES;
				CLANG_WARN_BLOCK_CAPTURE_AUTORELEASING = YES;
				CLANG_WARN_BOOL_CONVERSION = YES;
				CLANG_WARN_COMMA = YES;
				CLANG_WARN_CONSTANT_CONVERSION = YES;
				CLANG_WARN_DEPRECATED_OBJC_IMPLEMENTATIONS = YES;
				CLANG_WARN_DIRECT_OBJC_ISA_USAGE = YES_ERROR;
				CLANG_WARN_DOCUMENTATION_COMMENTS = YES;
				CLANG_WARN_EMPTY_BODY = YES;
				CLANG_WARN_ENUM_CONVERSION = YES;
				CLANG_WARN_INFINITE_RECURSION = YES;
				CLANG_WARN_INT_CONVERSION = YES;
				CLANG_WARN_NON_LITERAL_NULL_CONVERSION = YES;
				CLANG_WARN_OBJC_IMPLICIT_RETAIN_SELF = YES;
				CLANG_WARN_OBJC_LITERAL_CONVERSION = YES;
				CLANG_WARN_OBJC_ROOT_CLASS = YES_ERROR;
				CLANG_WARN_QUOTED_INCLUDE_IN_FRAMEWORK_HEADER = YES;
				CLANG_WARN_RANGE_LOOP_ANALYSIS = YES;
				CLANG_WARN_STRICT_PROTOTYPES = YES;
				CLANG_WARN_SUSPICIOUS_MOVE = YES;
				CLANG_WARN_UNGUARDED_AVAILABILITY = YES_AGGRESSIVE;
				CLANG_WARN_UNREACHABLE_CODE = YES;
				CLANG_WARN__DUPLICATE_METHOD_MATCH = YES;
				COPY_PHASE_STRIP = NO;
				DEBUG_INFORMATION_FORMAT = "dwarf-with-dsym";
				ENABLE_NS_ASSERTIONS = NO;
				ENABLE_STRICT_OBJC_MSGSEND = YES;
				ENABLE_USER_SCRIPT_SANDBOXING = YES;
				GCC_C_LANGUAGE_STANDARD = gnu17;
				GCC_NO_COMMON_BLOCKS = YES;
				GCC_WARN_64_TO_32_BIT_CONVERSION = YES;
				GCC_WARN_ABOUT_RETURN_TYPE = YES_ERROR;
				GCC_WARN_UNDECLARED_SELECTOR = YES;
				GCC_WARN_UNINITIALIZED_AUTOS = YES_AGGRESSIVE;
				GCC_WARN_UNUSED_FUNCTION = YES;
				GCC_WARN_UNUSED_VARIABLE = YES;
				IPHONEOS_DEPLOYMENT_TARGET = 17.2;
				LOCALIZATION_PREFERS_STRING_CATALOGS = YES;
				MTL_ENABLE_DEBUG_INFO = NO;
				MTL_FAST_MATH = YES;
				SDKROOT = iphoneos;
				SWIFT_COMPILATION_MODE = wholemodule;
				VALIDATE_PRODUCT = YES;
			};
			name = Release;
		};
		B68A67D52B55371F0087A74D /* Debug */ = {
			isa = XCBuildConfiguration;
			buildSettings = {
				ASSETCATALOG_COMPILER_APPICON_NAME = AppIcon;
				ASSETCATALOG_COMPILER_GLOBAL_ACCENT_COLOR_NAME = AccentColor;
				CODE_SIGN_STYLE = Automatic;
				CURRENT_PROJECT_VERSION = 1;
				DEVELOPMENT_TEAM = P433G7GD7J;
				GENERATE_INFOPLIST_FILE = YES;
				INFOPLIST_FILE = WEATHERinka/Info.plist;
				INFOPLIST_KEY_CFBundleDisplayName = WEATHERinka;
				INFOPLIST_KEY_LSApplicationCategoryType = "public.app-category.weather";
				INFOPLIST_KEY_UIApplicationSupportsIndirectInputEvents = YES;
				INFOPLIST_KEY_UILaunchStoryboardName = LaunchScreen;
				INFOPLIST_KEY_UIMainStoryboardFile = "";
				INFOPLIST_KEY_UISupportedInterfaceOrientations = UIInterfaceOrientationPortrait;
				INFOPLIST_KEY_UISupportedInterfaceOrientations_iPad = "UIInterfaceOrientationLandscapeLeft UIInterfaceOrientationLandscapeRight UIInterfaceOrientationPortrait UIInterfaceOrientationPortraitUpsideDown";
				IPHONEOS_DEPLOYMENT_TARGET = 13.0;
				LD_RUNPATH_SEARCH_PATHS = (
					"$(inherited)",
					"@executable_path/Frameworks",
				);
				MARKETING_VERSION = 1.0;
				PRODUCT_BUNDLE_IDENTIFIER = com.shabalin13.WEATHERinka;
				PRODUCT_NAME = "$(TARGET_NAME)";
				SUPPORTED_PLATFORMS = "iphoneos iphonesimulator";
				SUPPORTS_MACCATALYST = NO;
				SUPPORTS_MAC_DESIGNED_FOR_IPHONE_IPAD = NO;
				SWIFT_EMIT_LOC_STRINGS = YES;
				SWIFT_VERSION = 5.0;
				TARGETED_DEVICE_FAMILY = 1;
			};
			name = Debug;
		};
		B68A67D62B55371F0087A74D /* Release */ = {
			isa = XCBuildConfiguration;
			buildSettings = {
				ASSETCATALOG_COMPILER_APPICON_NAME = AppIcon;
				ASSETCATALOG_COMPILER_GLOBAL_ACCENT_COLOR_NAME = AccentColor;
				CODE_SIGN_STYLE = Automatic;
				CURRENT_PROJECT_VERSION = 1;
				DEVELOPMENT_TEAM = P433G7GD7J;
				GENERATE_INFOPLIST_FILE = YES;
				INFOPLIST_FILE = WEATHERinka/Info.plist;
				INFOPLIST_KEY_CFBundleDisplayName = WEATHERinka;
				INFOPLIST_KEY_LSApplicationCategoryType = "public.app-category.weather";
				INFOPLIST_KEY_UIApplicationSupportsIndirectInputEvents = YES;
				INFOPLIST_KEY_UILaunchStoryboardName = LaunchScreen;
				INFOPLIST_KEY_UIMainStoryboardFile = "";
				INFOPLIST_KEY_UISupportedInterfaceOrientations = UIInterfaceOrientationPortrait;
				INFOPLIST_KEY_UISupportedInterfaceOrientations_iPad = "UIInterfaceOrientationLandscapeLeft UIInterfaceOrientationLandscapeRight UIInterfaceOrientationPortrait UIInterfaceOrientationPortraitUpsideDown";
				IPHONEOS_DEPLOYMENT_TARGET = 13.0;
				LD_RUNPATH_SEARCH_PATHS = (
					"$(inherited)",
					"@executable_path/Frameworks",
				);
				MARKETING_VERSION = 1.0;
				PRODUCT_BUNDLE_IDENTIFIER = com.shabalin13.WEATHERinka;
				PRODUCT_NAME = "$(TARGET_NAME)";
				SUPPORTED_PLATFORMS = "iphoneos iphonesimulator";
				SUPPORTS_MACCATALYST = NO;
				SUPPORTS_MAC_DESIGNED_FOR_IPHONE_IPAD = NO;
				SWIFT_EMIT_LOC_STRINGS = YES;
				SWIFT_VERSION = 5.0;
				TARGETED_DEVICE_FAMILY = 1;
			};
			name = Release;
		};
		B68A67D82B55371F0087A74D /* Debug */ = {
			isa = XCBuildConfiguration;
			buildSettings = {
				ALWAYS_EMBED_SWIFT_STANDARD_LIBRARIES = YES;
				BUNDLE_LOADER = "$(TEST_HOST)";
				CODE_SIGN_STYLE = Automatic;
				CURRENT_PROJECT_VERSION = 1;
				DEVELOPMENT_TEAM = P433G7GD7J;
				GENERATE_INFOPLIST_FILE = YES;
				IPHONEOS_DEPLOYMENT_TARGET = 17.2;
				MARKETING_VERSION = 1.0;
				PRODUCT_BUNDLE_IDENTIFIER = com.shabalin13.WEATHERinkaTests;
				PRODUCT_NAME = "$(TARGET_NAME)";
				SWIFT_EMIT_LOC_STRINGS = NO;
				SWIFT_VERSION = 5.0;
				TARGETED_DEVICE_FAMILY = "1,2";
				TEST_HOST = "$(BUILT_PRODUCTS_DIR)/WEATHERinka.app/$(BUNDLE_EXECUTABLE_FOLDER_PATH)/WEATHERinka";
			};
			name = Debug;
		};
		B68A67D92B55371F0087A74D /* Release */ = {
			isa = XCBuildConfiguration;
			buildSettings = {
				ALWAYS_EMBED_SWIFT_STANDARD_LIBRARIES = YES;
				BUNDLE_LOADER = "$(TEST_HOST)";
				CODE_SIGN_STYLE = Automatic;
				CURRENT_PROJECT_VERSION = 1;
				DEVELOPMENT_TEAM = P433G7GD7J;
				GENERATE_INFOPLIST_FILE = YES;
				IPHONEOS_DEPLOYMENT_TARGET = 17.2;
				MARKETING_VERSION = 1.0;
				PRODUCT_BUNDLE_IDENTIFIER = com.shabalin13.WEATHERinkaTests;
				PRODUCT_NAME = "$(TARGET_NAME)";
				SWIFT_EMIT_LOC_STRINGS = NO;
				SWIFT_VERSION = 5.0;
				TARGETED_DEVICE_FAMILY = "1,2";
				TEST_HOST = "$(BUILT_PRODUCTS_DIR)/WEATHERinka.app/$(BUNDLE_EXECUTABLE_FOLDER_PATH)/WEATHERinka";
			};
			name = Release;
		};
		B68A67DB2B55371F0087A74D /* Debug */ = {
			isa = XCBuildConfiguration;
			buildSettings = {
				ALWAYS_EMBED_SWIFT_STANDARD_LIBRARIES = YES;
				CODE_SIGN_STYLE = Automatic;
				CURRENT_PROJECT_VERSION = 1;
				DEVELOPMENT_TEAM = P433G7GD7J;
				GENERATE_INFOPLIST_FILE = YES;
				MARKETING_VERSION = 1.0;
				PRODUCT_BUNDLE_IDENTIFIER = com.shabalin13.WEATHERinkaUITests;
				PRODUCT_NAME = "$(TARGET_NAME)";
				SWIFT_EMIT_LOC_STRINGS = NO;
				SWIFT_VERSION = 5.0;
				TARGETED_DEVICE_FAMILY = "1,2";
				TEST_TARGET_NAME = WEATHERinka;
			};
			name = Debug;
		};
		B68A67DC2B55371F0087A74D /* Release */ = {
			isa = XCBuildConfiguration;
			buildSettings = {
				ALWAYS_EMBED_SWIFT_STANDARD_LIBRARIES = YES;
				CODE_SIGN_STYLE = Automatic;
				CURRENT_PROJECT_VERSION = 1;
				DEVELOPMENT_TEAM = P433G7GD7J;
				GENERATE_INFOPLIST_FILE = YES;
				MARKETING_VERSION = 1.0;
				PRODUCT_BUNDLE_IDENTIFIER = com.shabalin13.WEATHERinkaUITests;
				PRODUCT_NAME = "$(TARGET_NAME)";
				SWIFT_EMIT_LOC_STRINGS = NO;
				SWIFT_VERSION = 5.0;
				TARGETED_DEVICE_FAMILY = "1,2";
				TEST_TARGET_NAME = WEATHERinka;
			};
			name = Release;
		};
/* End XCBuildConfiguration section */

/* Begin XCConfigurationList section */
		B68A67A22B55371D0087A74D /* Build configuration list for PBXProject "WEATHERinka" */ = {
			isa = XCConfigurationList;
			buildConfigurations = (
				B68A67D22B55371F0087A74D /* Debug */,
				B68A67D32B55371F0087A74D /* Release */,
			);
			defaultConfigurationIsVisible = 0;
			defaultConfigurationName = Release;
		};
		B68A67D42B55371F0087A74D /* Build configuration list for PBXNativeTarget "WEATHERinka" */ = {
			isa = XCConfigurationList;
			buildConfigurations = (
				B68A67D52B55371F0087A74D /* Debug */,
				B68A67D62B55371F0087A74D /* Release */,
			);
			defaultConfigurationIsVisible = 0;
			defaultConfigurationName = Release;
		};
		B68A67D72B55371F0087A74D /* Build configuration list for PBXNativeTarget "WEATHERinkaTests" */ = {
			isa = XCConfigurationList;
			buildConfigurations = (
				B68A67D82B55371F0087A74D /* Debug */,
				B68A67D92B55371F0087A74D /* Release */,
			);
			defaultConfigurationIsVisible = 0;
			defaultConfigurationName = Release;
		};
		B68A67DA2B55371F0087A74D /* Build configuration list for PBXNativeTarget "WEATHERinkaUITests" */ = {
			isa = XCConfigurationList;
			buildConfigurations = (
				B68A67DB2B55371F0087A74D /* Debug */,
				B68A67DC2B55371F0087A74D /* Release */,
			);
			defaultConfigurationIsVisible = 0;
			defaultConfigurationName = Release;
		};
/* End XCConfigurationList section */

/* Begin XCVersionGroup section */
		B68A67B32B55371D0087A74D /* WEATHERinka.xcdatamodeld */ = {
			isa = XCVersionGroup;
			children = (
				B68A67B42B55371D0087A74D /* WEATHERinka.xcdatamodel */,
			);
			currentVersion = B68A67B42B55371D0087A74D /* WEATHERinka.xcdatamodel */;
			path = WEATHERinka.xcdatamodeld;
			sourceTree = "<group>";
			versionGroupType = wrapper.xcdatamodel;
		};
/* End XCVersionGroup section */
	};
	rootObject = B68A679F2B55371D0087A74D /* Project object */;
}
